// !$*UTF8*$!
{
	archiveVersion = 1;
	classes = {
	};
	objectVersion = 56;
	objects = {

/* Begin PBXBuildFile section */
		0A45E23A2A011BB8003E93BA /* PlanBridgeView.swift in Sources */ = {isa = PBXBuildFile; fileRef = 0A45E2392A011BB8003E93BA /* PlanBridgeView.swift */; };
		1B8705C129FD3EE3001CD1E2 /* Size.swift in Sources */ = {isa = PBXBuildFile; fileRef = 1B8705C029FD3EE3001CD1E2 /* Size.swift */; };
		1B8705C429FD3EF0001CD1E2 /* OnboardingView.swift in Sources */ = {isa = PBXBuildFile; fileRef = 1B8705C229FD3EF0001CD1E2 /* OnboardingView.swift */; };
		1B8705C529FD3EF0001CD1E2 /* ThisOrThatView.swift in Sources */ = {isa = PBXBuildFile; fileRef = 1B8705C329FD3EF0001CD1E2 /* ThisOrThatView.swift */; };
		1B8705C929FD3FD2001CD1E2 /* ProgressBar.swift in Sources */ = {isa = PBXBuildFile; fileRef = 1B8705C829FD3FD2001CD1E2 /* ProgressBar.swift */; };
		2D09EB8029F7F6FB0086922F /* HomeCardView.swift in Sources */ = {isa = PBXBuildFile; fileRef = 2D09EB7F29F7F6FB0086922F /* HomeCardView.swift */; };
		2D0D6FF329F1486F00E439DC /* SnapCarousel.swift in Sources */ = {isa = PBXBuildFile; fileRef = 2D0D6FF229F1486F00E439DC /* SnapCarousel.swift */; };
		2D21D2B029EFB584001B7416 /* CoreDataManager.swift in Sources */ = {isa = PBXBuildFile; fileRef = 2D21D2AF29EFB584001B7416 /* CoreDataManager.swift */; };
		2D27CFC529FCD0EA00B1EE67 /* SeederData.swift in Sources */ = {isa = PBXBuildFile; fileRef = 2D27CFC429FCD0EA00B1EE67 /* SeederData.swift */; };
		2D4014D829F049B600C3A656 /* DummyData.swift in Sources */ = {isa = PBXBuildFile; fileRef = 2D4014D729F049B600C3A656 /* DummyData.swift */; };
		2D56DA7629EE91E000002EE4 /* FlannerModel.xcdatamodeld in Sources */ = {isa = PBXBuildFile; fileRef = 2D56DA7429EE91E000002EE4 /* FlannerModel.xcdatamodeld */; };
		2D613FFC29ED79B30067B81E /* Colors.swift in Sources */ = {isa = PBXBuildFile; fileRef = 2D613FFB29ED79B30067B81E /* Colors.swift */; };
		2D613FFE29ED7A4D0067B81E /* Prompts.swift in Sources */ = {isa = PBXBuildFile; fileRef = 2D613FFD29ED7A4D0067B81E /* Prompts.swift */; };
		2D750C2929FA58EC004C2389 /* PreferencesView.swift in Sources */ = {isa = PBXBuildFile; fileRef = 2D750C2829FA58EC004C2389 /* PreferencesView.swift */; };
		2D750C2B29FA5907004C2389 /* CategoryModel.swift in Sources */ = {isa = PBXBuildFile; fileRef = 2D750C2A29FA5907004C2389 /* CategoryModel.swift */; };
		2D750C2D29FA5B44004C2389 /* CategoryBoxView.swift in Sources */ = {isa = PBXBuildFile; fileRef = 2D750C2C29FA5B44004C2389 /* CategoryBoxView.swift */; };
		2D750C2F29FA873F004C2389 /* CategoryViewModel.swift in Sources */ = {isa = PBXBuildFile; fileRef = 2D750C2E29FA873F004C2389 /* CategoryViewModel.swift */; };
		2D90D31929FBCDCC00108975 /* UserViewModel.swift in Sources */ = {isa = PBXBuildFile; fileRef = 2D90D31829FBCDCC00108975 /* UserViewModel.swift */; };
		2D90D31B29FBCFD000108975 /* ContentView.swift in Sources */ = {isa = PBXBuildFile; fileRef = 2D90D31A29FBCFD000108975 /* ContentView.swift */; };
		2D90E85429FE41DF002868B1 /* AdminView.swift in Sources */ = {isa = PBXBuildFile; fileRef = 2D90E85329FE41DF002868B1 /* AdminView.swift */; };
		2D90E85629FE451A002868B1 /* AllTagsView.swift in Sources */ = {isa = PBXBuildFile; fileRef = 2D90E85529FE451A002868B1 /* AllTagsView.swift */; };
		2D90E85829FE4535002868B1 /* AllTaskView.swift in Sources */ = {isa = PBXBuildFile; fileRef = 2D90E85729FE4535002868B1 /* AllTaskView.swift */; };
		2D90E85A29FE49A0002868B1 /* AdminViewModel.swift in Sources */ = {isa = PBXBuildFile; fileRef = 2D90E85929FE49A0002868B1 /* AdminViewModel.swift */; };
		2D90E85C29FE5D55002868B1 /* AdminTaskCard.swift in Sources */ = {isa = PBXBuildFile; fileRef = 2D90E85B29FE5D55002868B1 /* AdminTaskCard.swift */; };
		2D90E86229FEA773002868B1 /* CarouselCard.swift in Sources */ = {isa = PBXBuildFile; fileRef = 2D90E86129FEA773002868B1 /* CarouselCard.swift */; };
		2D90E86629FEA966002868B1 /* MainView.swift in Sources */ = {isa = PBXBuildFile; fileRef = 2D90E86529FEA966002868B1 /* MainView.swift */; };
		2D90E86C29FEAB81002868B1 /* CustomButton.swift in Sources */ = {isa = PBXBuildFile; fileRef = 2D90E86B29FEAB81002868B1 /* CustomButton.swift */; };
		2D90E87729FEB504002868B1 /* User.swift in Sources */ = {isa = PBXBuildFile; fileRef = 2D90E87629FEB504002868B1 /* User.swift */; };
		2D90E87929FEB510002868B1 /* Task.swift in Sources */ = {isa = PBXBuildFile; fileRef = 2D90E87829FEB510002868B1 /* Task.swift */; };
		2D90E87B29FEB51A002868B1 /* Tag.swift in Sources */ = {isa = PBXBuildFile; fileRef = 2D90E87A29FEB51A002868B1 /* Tag.swift */; };
		2D90E87D29FEBEA7002868B1 /* AllUserView.swift in Sources */ = {isa = PBXBuildFile; fileRef = 2D90E87C29FEBEA7002868B1 /* AllUserView.swift */; };
		2D90E88529FEC676002868B1 /* TagViewModel.swift in Sources */ = {isa = PBXBuildFile; fileRef = 2D90E88429FEC676002868B1 /* TagViewModel.swift */; };
		2DA9375829F02FD10057DD82 /* HelperFunctions.swift in Sources */ = {isa = PBXBuildFile; fileRef = 2DA9375729F02FD10057DD82 /* HelperFunctions.swift */; };
		2DA9376129F0316E0057DD82 /* HomeView.swift in Sources */ = {isa = PBXBuildFile; fileRef = 2DA9376029F0316E0057DD82 /* HomeView.swift */; };
		2DA9376729F033720057DD82 /* TaskListViewModel.swift in Sources */ = {isa = PBXBuildFile; fileRef = 2DA9376629F033720057DD82 /* TaskListViewModel.swift */; };
		2DBB102629ED155C004018ED /* FlannerApp.swift in Sources */ = {isa = PBXBuildFile; fileRef = 2DBB102529ED155C004018ED /* FlannerApp.swift */; };
		2DBB102A29ED155D004018ED /* Assets.xcassets in Resources */ = {isa = PBXBuildFile; fileRef = 2DBB102929ED155D004018ED /* Assets.xcassets */; };
		2DBB102D29ED155D004018ED /* Preview Assets.xcassets in Resources */ = {isa = PBXBuildFile; fileRef = 2DBB102C29ED155D004018ED /* Preview Assets.xcassets */; };
/* End PBXBuildFile section */

/* Begin PBXFileReference section */
		0A45E2392A011BB8003E93BA /* PlanBridgeView.swift */ = {isa = PBXFileReference; lastKnownFileType = sourcecode.swift; path = PlanBridgeView.swift; sourceTree = "<group>"; };
		1B8705C029FD3EE3001CD1E2 /* Size.swift */ = {isa = PBXFileReference; fileEncoding = 4; lastKnownFileType = sourcecode.swift; path = Size.swift; sourceTree = "<group>"; };
		1B8705C229FD3EF0001CD1E2 /* OnboardingView.swift */ = {isa = PBXFileReference; fileEncoding = 4; lastKnownFileType = sourcecode.swift; path = OnboardingView.swift; sourceTree = "<group>"; };
		1B8705C329FD3EF0001CD1E2 /* ThisOrThatView.swift */ = {isa = PBXFileReference; fileEncoding = 4; lastKnownFileType = sourcecode.swift; path = ThisOrThatView.swift; sourceTree = "<group>"; };
		1B8705C829FD3FD2001CD1E2 /* ProgressBar.swift */ = {isa = PBXFileReference; lastKnownFileType = sourcecode.swift; path = ProgressBar.swift; sourceTree = "<group>"; };
		2D09EB7F29F7F6FB0086922F /* HomeCardView.swift */ = {isa = PBXFileReference; lastKnownFileType = sourcecode.swift; path = HomeCardView.swift; sourceTree = "<group>"; };
		2D0D6FF229F1486F00E439DC /* SnapCarousel.swift */ = {isa = PBXFileReference; lastKnownFileType = sourcecode.swift; path = SnapCarousel.swift; sourceTree = "<group>"; };
		2D21D2AF29EFB584001B7416 /* CoreDataManager.swift */ = {isa = PBXFileReference; lastKnownFileType = sourcecode.swift; path = CoreDataManager.swift; sourceTree = "<group>"; };
		2D27CFC429FCD0EA00B1EE67 /* SeederData.swift */ = {isa = PBXFileReference; lastKnownFileType = sourcecode.swift; path = SeederData.swift; sourceTree = "<group>"; };
		2D4014D729F049B600C3A656 /* DummyData.swift */ = {isa = PBXFileReference; lastKnownFileType = sourcecode.swift; path = DummyData.swift; sourceTree = "<group>"; };
		2D56DA7529EE91E000002EE4 /* Model.xcdatamodel */ = {isa = PBXFileReference; lastKnownFileType = wrapper.xcdatamodel; path = Model.xcdatamodel; sourceTree = "<group>"; };
		2D613FFB29ED79B30067B81E /* Colors.swift */ = {isa = PBXFileReference; lastKnownFileType = sourcecode.swift; path = Colors.swift; sourceTree = "<group>"; };
		2D613FFD29ED7A4D0067B81E /* Prompts.swift */ = {isa = PBXFileReference; lastKnownFileType = sourcecode.swift; path = Prompts.swift; sourceTree = "<group>"; };
		2D750C2829FA58EC004C2389 /* PreferencesView.swift */ = {isa = PBXFileReference; lastKnownFileType = sourcecode.swift; path = PreferencesView.swift; sourceTree = "<group>"; };
		2D750C2A29FA5907004C2389 /* CategoryModel.swift */ = {isa = PBXFileReference; lastKnownFileType = sourcecode.swift; path = CategoryModel.swift; sourceTree = "<group>"; };
		2D750C2C29FA5B44004C2389 /* CategoryBoxView.swift */ = {isa = PBXFileReference; lastKnownFileType = sourcecode.swift; path = CategoryBoxView.swift; sourceTree = "<group>"; };
		2D750C2E29FA873F004C2389 /* CategoryViewModel.swift */ = {isa = PBXFileReference; lastKnownFileType = sourcecode.swift; path = CategoryViewModel.swift; sourceTree = "<group>"; };
		2D90D31829FBCDCC00108975 /* UserViewModel.swift */ = {isa = PBXFileReference; lastKnownFileType = sourcecode.swift; path = UserViewModel.swift; sourceTree = "<group>"; };
		2D90D31A29FBCFD000108975 /* ContentView.swift */ = {isa = PBXFileReference; lastKnownFileType = sourcecode.swift; path = ContentView.swift; sourceTree = "<group>"; };
		2D90E85329FE41DF002868B1 /* AdminView.swift */ = {isa = PBXFileReference; lastKnownFileType = sourcecode.swift; path = AdminView.swift; sourceTree = "<group>"; };
		2D90E85529FE451A002868B1 /* AllTagsView.swift */ = {isa = PBXFileReference; lastKnownFileType = sourcecode.swift; path = AllTagsView.swift; sourceTree = "<group>"; };
		2D90E85729FE4535002868B1 /* AllTaskView.swift */ = {isa = PBXFileReference; lastKnownFileType = sourcecode.swift; path = AllTaskView.swift; sourceTree = "<group>"; };
		2D90E85929FE49A0002868B1 /* AdminViewModel.swift */ = {isa = PBXFileReference; lastKnownFileType = sourcecode.swift; path = AdminViewModel.swift; sourceTree = "<group>"; };
		2D90E85B29FE5D55002868B1 /* AdminTaskCard.swift */ = {isa = PBXFileReference; lastKnownFileType = sourcecode.swift; path = AdminTaskCard.swift; sourceTree = "<group>"; };
		2D90E86129FEA773002868B1 /* CarouselCard.swift */ = {isa = PBXFileReference; lastKnownFileType = sourcecode.swift; path = CarouselCard.swift; sourceTree = "<group>"; };
		2D90E86529FEA966002868B1 /* MainView.swift */ = {isa = PBXFileReference; lastKnownFileType = sourcecode.swift; path = MainView.swift; sourceTree = "<group>"; };
		2D90E86B29FEAB81002868B1 /* CustomButton.swift */ = {isa = PBXFileReference; lastKnownFileType = sourcecode.swift; path = CustomButton.swift; sourceTree = "<group>"; };
		2D90E87629FEB504002868B1 /* User.swift */ = {isa = PBXFileReference; lastKnownFileType = sourcecode.swift; path = User.swift; sourceTree = "<group>"; };
		2D90E87829FEB510002868B1 /* Task.swift */ = {isa = PBXFileReference; lastKnownFileType = sourcecode.swift; path = Task.swift; sourceTree = "<group>"; };
		2D90E87A29FEB51A002868B1 /* Tag.swift */ = {isa = PBXFileReference; lastKnownFileType = sourcecode.swift; path = Tag.swift; sourceTree = "<group>"; };
		2D90E87C29FEBEA7002868B1 /* AllUserView.swift */ = {isa = PBXFileReference; lastKnownFileType = sourcecode.swift; path = AllUserView.swift; sourceTree = "<group>"; };
		2D90E88429FEC676002868B1 /* TagViewModel.swift */ = {isa = PBXFileReference; lastKnownFileType = sourcecode.swift; path = TagViewModel.swift; sourceTree = "<group>"; };
		2DA9375729F02FD10057DD82 /* HelperFunctions.swift */ = {isa = PBXFileReference; lastKnownFileType = sourcecode.swift; path = HelperFunctions.swift; sourceTree = "<group>"; };
		2DA9376029F0316E0057DD82 /* HomeView.swift */ = {isa = PBXFileReference; lastKnownFileType = sourcecode.swift; path = HomeView.swift; sourceTree = "<group>"; };
		2DA9376629F033720057DD82 /* TaskListViewModel.swift */ = {isa = PBXFileReference; lastKnownFileType = sourcecode.swift; path = TaskListViewModel.swift; sourceTree = "<group>"; };
		2DBB102229ED155C004018ED /* Flanner.app */ = {isa = PBXFileReference; explicitFileType = wrapper.application; includeInIndex = 0; path = Flanner.app; sourceTree = BUILT_PRODUCTS_DIR; };
		2DBB102529ED155C004018ED /* FlannerApp.swift */ = {isa = PBXFileReference; lastKnownFileType = sourcecode.swift; path = FlannerApp.swift; sourceTree = "<group>"; };
		2DBB102929ED155D004018ED /* Assets.xcassets */ = {isa = PBXFileReference; lastKnownFileType = folder.assetcatalog; path = Assets.xcassets; sourceTree = "<group>"; };
		2DBB102C29ED155D004018ED /* Preview Assets.xcassets */ = {isa = PBXFileReference; lastKnownFileType = folder.assetcatalog; path = "Preview Assets.xcassets"; sourceTree = "<group>"; };
/* End PBXFileReference section */

/* Begin PBXFrameworksBuildPhase section */
		2DBB101F29ED155C004018ED /* Frameworks */ = {
			isa = PBXFrameworksBuildPhase;
			buildActionMask = 2147483647;
			files = (
			);
			runOnlyForDeploymentPostprocessing = 0;
		};
/* End PBXFrameworksBuildPhase section */

/* Begin PBXGroup section */
		2D09EB7E29F7F6EE0086922F /* HomeCard */ = {
			isa = PBXGroup;
			children = (
				2D09EB7F29F7F6FB0086922F /* HomeCardView.swift */,
			);
			path = HomeCard;
			sourceTree = "<group>";
		};
		2D21D2AB29EFB3C6001B7416 /* View */ = {
			isa = PBXGroup;
			children = (
				0A45E2392A011BB8003E93BA /* PlanBridgeView.swift */,
				2D90E86529FEA966002868B1 /* MainView.swift */,
				2D90D31A29FBCFD000108975 /* ContentView.swift */,
				2DA9376029F0316E0057DD82 /* HomeView.swift */,
				2D90E86D29FEACD5002868B1 /* Onboarding */,
				1B8705C329FD3EF0001CD1E2 /* ThisOrThatView.swift */,
				2D56DA7329EE913F00002EE4 /* Components */,
			);
			path = View;
			sourceTree = "<group>";
		};
		2D21D2AC29EFB3D0001B7416 /* ViewModel */ = {
			isa = PBXGroup;
			children = (
				2D90E88429FEC676002868B1 /* TagViewModel.swift */,
				2DA9376629F033720057DD82 /* TaskListViewModel.swift */,
				2D90D31829FBCDCC00108975 /* UserViewModel.swift */,
				2D750C2E29FA873F004C2389 /* CategoryViewModel.swift */,
			);
			path = ViewModel;
			sourceTree = "<group>";
		};
		2D21D2AD29EFB3D9001B7416 /* Model */ = {
			isa = PBXGroup;
			children = (
				2D90E87529FEB4F4002868B1 /* Entities */,
				2D4014D729F049B600C3A656 /* DummyData.swift */,
				2D27CFC429FCD0EA00B1EE67 /* SeederData.swift */,
				2D750C2A29FA5907004C2389 /* CategoryModel.swift */,
			);
			path = Model;
			sourceTree = "<group>";
		};
		2D56DA7329EE913F00002EE4 /* Components */ = {
			isa = PBXGroup;
			children = (
				2D09EB7E29F7F6EE0086922F /* HomeCard */,
				2DA9375929F0300A0057DD82 /* Carousel */,
				2D750C2C29FA5B44004C2389 /* CategoryBoxView.swift */,
				1B8705C829FD3FD2001CD1E2 /* ProgressBar.swift */,
				2D90E86B29FEAB81002868B1 /* CustomButton.swift */,
			);
			path = Components;
			sourceTree = "<group>";
		};
		2D613FF729ED38530067B81E /* Core */ = {
			isa = PBXGroup;
			children = (
				2D613FFF29ED7CEB0067B81E /* Utilities */,
				2D613FFA29ED79920067B81E /* Themes */,
				2D613FF929ED78EC0067B81E /* Constants */,
			);
			path = Core;
			sourceTree = "<group>";
		};
		2D613FF829ED77E50067B81E /* Application */ = {
			isa = PBXGroup;
			children = (
				2DBB102529ED155C004018ED /* FlannerApp.swift */,
			);
			path = Application;
			sourceTree = "<group>";
		};
		2D613FF929ED78EC0067B81E /* Constants */ = {
			isa = PBXGroup;
			children = (
				2D613FFD29ED7A4D0067B81E /* Prompts.swift */,
			);
			path = Constants;
			sourceTree = "<group>";
		};
		2D613FFA29ED79920067B81E /* Themes */ = {
			isa = PBXGroup;
			children = (
				2D613FFB29ED79B30067B81E /* Colors.swift */,
				1B8705C029FD3EE3001CD1E2 /* Size.swift */,
			);
			path = Themes;
			sourceTree = "<group>";
		};
		2D613FFF29ED7CEB0067B81E /* Utilities */ = {
			isa = PBXGroup;
			children = (
				2DA9375629F02FC50057DD82 /* HelperFunctions */,
				2D61400029ED7D010067B81E /* CoreData */,
			);
			path = Utilities;
			sourceTree = "<group>";
		};
		2D61400029ED7D010067B81E /* CoreData */ = {
			isa = PBXGroup;
			children = (
				2D56DA7429EE91E000002EE4 /* FlannerModel.xcdatamodeld */,
				2D21D2AF29EFB584001B7416 /* CoreDataManager.swift */,
			);
			path = CoreData;
			sourceTree = "<group>";
		};
		2D61400129ED7D320067B81E /* Features */ = {
			isa = PBXGroup;
			children = (
				2D90E85229FE41D2002868B1 /* Admin */,
				2D21D2AD29EFB3D9001B7416 /* Model */,
				2D21D2AC29EFB3D0001B7416 /* ViewModel */,
				2D21D2AB29EFB3C6001B7416 /* View */,
			);
			path = Features;
			sourceTree = "<group>";
		};
		2D90E85229FE41D2002868B1 /* Admin */ = {
			isa = PBXGroup;
			children = (
				2D90E85929FE49A0002868B1 /* AdminViewModel.swift */,
				2D90E85329FE41DF002868B1 /* AdminView.swift */,
				2D90E85529FE451A002868B1 /* AllTagsView.swift */,
				2D90E85729FE4535002868B1 /* AllTaskView.swift */,
				2D90E87C29FEBEA7002868B1 /* AllUserView.swift */,
				2D90E85B29FE5D55002868B1 /* AdminTaskCard.swift */,
			);
			path = Admin;
			sourceTree = "<group>";
		};
		2D90E86D29FEACD5002868B1 /* Onboarding */ = {
			isa = PBXGroup;
			children = (
				1B8705C229FD3EF0001CD1E2 /* OnboardingView.swift */,
				2D750C2829FA58EC004C2389 /* PreferencesView.swift */,
			);
			path = Onboarding;
			sourceTree = "<group>";
		};
		2D90E87529FEB4F4002868B1 /* Entities */ = {
			isa = PBXGroup;
			children = (
				2D90E87629FEB504002868B1 /* User.swift */,
				2D90E87A29FEB51A002868B1 /* Tag.swift */,
				2D90E87829FEB510002868B1 /* Task.swift */,
			);
			path = Entities;
			sourceTree = "<group>";
		};
		2DA9375629F02FC50057DD82 /* HelperFunctions */ = {
			isa = PBXGroup;
			children = (
				2DA9375729F02FD10057DD82 /* HelperFunctions.swift */,
			);
			path = HelperFunctions;
			sourceTree = "<group>";
		};
		2DA9375929F0300A0057DD82 /* Carousel */ = {
			isa = PBXGroup;
			children = (
				2D0D6FF229F1486F00E439DC /* SnapCarousel.swift */,
				2D90E86129FEA773002868B1 /* CarouselCard.swift */,
			);
			path = Carousel;
			sourceTree = "<group>";
		};
		2DBB101929ED155C004018ED = {
			isa = PBXGroup;
			children = (
				2DBB102429ED155C004018ED /* Flanner */,
				2DBB102329ED155C004018ED /* Products */,
			);
			sourceTree = "<group>";
		};
		2DBB102329ED155C004018ED /* Products */ = {
			isa = PBXGroup;
			children = (
				2DBB102229ED155C004018ED /* Flanner.app */,
			);
			name = Products;
			sourceTree = "<group>";
		};
		2DBB102429ED155C004018ED /* Flanner */ = {
			isa = PBXGroup;
			children = (
				2D613FF829ED77E50067B81E /* Application */,
				2D613FF729ED38530067B81E /* Core */,
				2D61400129ED7D320067B81E /* Features */,
				2DBB102929ED155D004018ED /* Assets.xcassets */,
				2DBB102B29ED155D004018ED /* Preview Content */,
			);
			path = Flanner;
			sourceTree = "<group>";
		};
		2DBB102B29ED155D004018ED /* Preview Content */ = {
			isa = PBXGroup;
			children = (
				2DBB102C29ED155D004018ED /* Preview Assets.xcassets */,
			);
			path = "Preview Content";
			sourceTree = "<group>";
		};
/* End PBXGroup section */

/* Begin PBXNativeTarget section */
		2DBB102129ED155C004018ED /* Flanner */ = {
			isa = PBXNativeTarget;
			buildConfigurationList = 2DBB103029ED155D004018ED /* Build configuration list for PBXNativeTarget "Flanner" */;
			buildPhases = (
				2DBB101E29ED155C004018ED /* Sources */,
				2DBB101F29ED155C004018ED /* Frameworks */,
				2DBB102029ED155C004018ED /* Resources */,
			);
			buildRules = (
			);
			dependencies = (
			);
			name = Flanner;
			productName = Flanner;
			productReference = 2DBB102229ED155C004018ED /* Flanner.app */;
			productType = "com.apple.product-type.application";
		};
/* End PBXNativeTarget section */

/* Begin PBXProject section */
		2DBB101A29ED155C004018ED /* Project object */ = {
			isa = PBXProject;
			attributes = {
				BuildIndependentTargetsInParallel = 1;
				LastSwiftUpdateCheck = 1420;
				LastUpgradeCheck = 1420;
				TargetAttributes = {
					2DBB102129ED155C004018ED = {
						CreatedOnToolsVersion = 14.2;
					};
				};
			};
			buildConfigurationList = 2DBB101D29ED155C004018ED /* Build configuration list for PBXProject "Flanner" */;
			compatibilityVersion = "Xcode 14.0";
			developmentRegion = en;
			hasScannedForEncodings = 0;
			knownRegions = (
				en,
				Base,
			);
			mainGroup = 2DBB101929ED155C004018ED;
			productRefGroup = 2DBB102329ED155C004018ED /* Products */;
			projectDirPath = "";
			projectRoot = "";
			targets = (
				2DBB102129ED155C004018ED /* Flanner */,
			);
		};
/* End PBXProject section */

/* Begin PBXResourcesBuildPhase section */
		2DBB102029ED155C004018ED /* Resources */ = {
			isa = PBXResourcesBuildPhase;
			buildActionMask = 2147483647;
			files = (
				2DBB102D29ED155D004018ED /* Preview Assets.xcassets in Resources */,
				2DBB102A29ED155D004018ED /* Assets.xcassets in Resources */,
			);
			runOnlyForDeploymentPostprocessing = 0;
		};
/* End PBXResourcesBuildPhase section */

/* Begin PBXSourcesBuildPhase section */
		2DBB101E29ED155C004018ED /* Sources */ = {
			isa = PBXSourcesBuildPhase;
			buildActionMask = 2147483647;
			files = (
				2D4014D829F049B600C3A656 /* DummyData.swift in Sources */,
				2D90E86229FEA773002868B1 /* CarouselCard.swift in Sources */,
				2D0D6FF329F1486F00E439DC /* SnapCarousel.swift in Sources */,
				2D90E87D29FEBEA7002868B1 /* AllUserView.swift in Sources */,
				2D750C2D29FA5B44004C2389 /* CategoryBoxView.swift in Sources */,
				2D90E86C29FEAB81002868B1 /* CustomButton.swift in Sources */,
				2D750C2F29FA873F004C2389 /* CategoryViewModel.swift in Sources */,
				2D750C2F29FA873F004C2389 /* CategoryViewModel.swift in Sources */,
				2D90E85C29FE5D55002868B1 /* AdminTaskCard.swift in Sources */,
				2D90E85829FE4535002868B1 /* AllTaskView.swift in Sources */,
				2D21D2B029EFB584001B7416 /* CoreDataManager.swift in Sources */,
				2D27CFC529FCD0EA00B1EE67 /* SeederData.swift in Sources */,
				2DA9375829F02FD10057DD82 /* HelperFunctions.swift in Sources */,
				1B8705C429FD3EF0001CD1E2 /* OnboardingView.swift in Sources */,
				2D90E85429FE41DF002868B1 /* AdminView.swift in Sources */,
				1B8705C929FD3FD2001CD1E2 /* ProgressBar.swift in Sources */,
				2D90D31929FBCDCC00108975 /* UserViewModel.swift in Sources */,
				2D90E87B29FEB51A002868B1 /* Tag.swift in Sources */,
				2D90D31B29FBCFD000108975 /* ContentView.swift in Sources */,
				2D90E85A29FE49A0002868B1 /* AdminViewModel.swift in Sources */,
				2DA9376129F0316E0057DD82 /* HomeView.swift in Sources */,
				0A45E23A2A011BB8003E93BA /* PlanBridgeView.swift in Sources */,
				2DA9376729F033720057DD82 /* TaskListViewModel.swift in Sources */,
				2D09EB8029F7F6FB0086922F /* HomeCardView.swift in Sources */,
				2D613FFE29ED7A4D0067B81E /* Prompts.swift in Sources */,
				2D90E88529FEC676002868B1 /* TagViewModel.swift in Sources */,
				2D56DA7629EE91E000002EE4 /* FlannerModel.xcdatamodeld in Sources */,
				2D90E85629FE451A002868B1 /* AllTagsView.swift in Sources */,
				2D613FFC29ED79B30067B81E /* Colors.swift in Sources */,
				1B8705C129FD3EE3001CD1E2 /* Size.swift in Sources */,
				2D750C2B29FA5907004C2389 /* CategoryModel.swift in Sources */,
				2DBB102629ED155C004018ED /* FlannerApp.swift in Sources */,
				2D90E86629FEA966002868B1 /* MainView.swift in Sources */,
				2D750C2929FA58EC004C2389 /* PreferencesView.swift in Sources */,
				1B8705C529FD3EF0001CD1E2 /* ThisOrThatView.swift in Sources */,
				2D90E87929FEB510002868B1 /* Task.swift in Sources */,
				2D90E87729FEB504002868B1 /* User.swift in Sources */,
			);
			runOnlyForDeploymentPostprocessing = 0;
		};
/* End PBXSourcesBuildPhase section */

/* Begin XCBuildConfiguration section */
		2DBB102E29ED155D004018ED /* Debug */ = {
			isa = XCBuildConfiguration;
			buildSettings = {
				ALWAYS_SEARCH_USER_PATHS = NO;
				CLANG_ANALYZER_NONNULL = YES;
				CLANG_ANALYZER_NUMBER_OBJECT_CONVERSION = YES_AGGRESSIVE;
				CLANG_CXX_LANGUAGE_STANDARD = "gnu++20";
				CLANG_ENABLE_MODULES = YES;
				CLANG_ENABLE_OBJC_ARC = YES;
				CLANG_ENABLE_OBJC_WEAK = YES;
				CLANG_WARN_BLOCK_CAPTURE_AUTORELEASING = YES;
				CLANG_WARN_BOOL_CONVERSION = YES;
				CLANG_WARN_COMMA = YES;
				CLANG_WARN_CONSTANT_CONVERSION = YES;
				CLANG_WARN_DEPRECATED_OBJC_IMPLEMENTATIONS = YES;
				CLANG_WARN_DIRECT_OBJC_ISA_USAGE = YES_ERROR;
				CLANG_WARN_DOCUMENTATION_COMMENTS = YES;
				CLANG_WARN_EMPTY_BODY = YES;
				CLANG_WARN_ENUM_CONVERSION = YES;
				CLANG_WARN_INFINITE_RECURSION = YES;
				CLANG_WARN_INT_CONVERSION = YES;
				CLANG_WARN_NON_LITERAL_NULL_CONVERSION = YES;
				CLANG_WARN_OBJC_IMPLICIT_RETAIN_SELF = YES;
				CLANG_WARN_OBJC_LITERAL_CONVERSION = YES;
				CLANG_WARN_OBJC_ROOT_CLASS = YES_ERROR;
				CLANG_WARN_QUOTED_INCLUDE_IN_FRAMEWORK_HEADER = YES;
				CLANG_WARN_RANGE_LOOP_ANALYSIS = YES;
				CLANG_WARN_STRICT_PROTOTYPES = YES;
				CLANG_WARN_SUSPICIOUS_MOVE = YES;
				CLANG_WARN_UNGUARDED_AVAILABILITY = YES_AGGRESSIVE;
				CLANG_WARN_UNREACHABLE_CODE = YES;
				CLANG_WARN__DUPLICATE_METHOD_MATCH = YES;
				COPY_PHASE_STRIP = NO;
				DEBUG_INFORMATION_FORMAT = dwarf;
				ENABLE_STRICT_OBJC_MSGSEND = YES;
				ENABLE_TESTABILITY = YES;
				GCC_C_LANGUAGE_STANDARD = gnu11;
				GCC_DYNAMIC_NO_PIC = NO;
				GCC_NO_COMMON_BLOCKS = YES;
				GCC_OPTIMIZATION_LEVEL = 0;
				GCC_PREPROCESSOR_DEFINITIONS = (
					"DEBUG=1",
					"$(inherited)",
				);
				GCC_WARN_64_TO_32_BIT_CONVERSION = YES;
				GCC_WARN_ABOUT_RETURN_TYPE = YES_ERROR;
				GCC_WARN_UNDECLARED_SELECTOR = YES;
				GCC_WARN_UNINITIALIZED_AUTOS = YES_AGGRESSIVE;
				GCC_WARN_UNUSED_FUNCTION = YES;
				GCC_WARN_UNUSED_VARIABLE = YES;
				IPHONEOS_DEPLOYMENT_TARGET = 16.2;
				MTL_ENABLE_DEBUG_INFO = INCLUDE_SOURCE;
				MTL_FAST_MATH = YES;
				ONLY_ACTIVE_ARCH = YES;
				SDKROOT = iphoneos;
				SWIFT_ACTIVE_COMPILATION_CONDITIONS = DEBUG;
				SWIFT_OPTIMIZATION_LEVEL = "-Onone";
			};
			name = Debug;
		};
		2DBB102F29ED155D004018ED /* Release */ = {
			isa = XCBuildConfiguration;
			buildSettings = {
				ALWAYS_SEARCH_USER_PATHS = NO;
				CLANG_ANALYZER_NONNULL = YES;
				CLANG_ANALYZER_NUMBER_OBJECT_CONVERSION = YES_AGGRESSIVE;
				CLANG_CXX_LANGUAGE_STANDARD = "gnu++20";
				CLANG_ENABLE_MODULES = YES;
				CLANG_ENABLE_OBJC_ARC = YES;
				CLANG_ENABLE_OBJC_WEAK = YES;
				CLANG_WARN_BLOCK_CAPTURE_AUTORELEASING = YES;
				CLANG_WARN_BOOL_CONVERSION = YES;
				CLANG_WARN_COMMA = YES;
				CLANG_WARN_CONSTANT_CONVERSION = YES;
				CLANG_WARN_DEPRECATED_OBJC_IMPLEMENTATIONS = YES;
				CLANG_WARN_DIRECT_OBJC_ISA_USAGE = YES_ERROR;
				CLANG_WARN_DOCUMENTATION_COMMENTS = YES;
				CLANG_WARN_EMPTY_BODY = YES;
				CLANG_WARN_ENUM_CONVERSION = YES;
				CLANG_WARN_INFINITE_RECURSION = YES;
				CLANG_WARN_INT_CONVERSION = YES;
				CLANG_WARN_NON_LITERAL_NULL_CONVERSION = YES;
				CLANG_WARN_OBJC_IMPLICIT_RETAIN_SELF = YES;
				CLANG_WARN_OBJC_LITERAL_CONVERSION = YES;
				CLANG_WARN_OBJC_ROOT_CLASS = YES_ERROR;
				CLANG_WARN_QUOTED_INCLUDE_IN_FRAMEWORK_HEADER = YES;
				CLANG_WARN_RANGE_LOOP_ANALYSIS = YES;
				CLANG_WARN_STRICT_PROTOTYPES = YES;
				CLANG_WARN_SUSPICIOUS_MOVE = YES;
				CLANG_WARN_UNGUARDED_AVAILABILITY = YES_AGGRESSIVE;
				CLANG_WARN_UNREACHABLE_CODE = YES;
				CLANG_WARN__DUPLICATE_METHOD_MATCH = YES;
				COPY_PHASE_STRIP = NO;
				DEBUG_INFORMATION_FORMAT = "dwarf-with-dsym";
				ENABLE_NS_ASSERTIONS = NO;
				ENABLE_STRICT_OBJC_MSGSEND = YES;
				GCC_C_LANGUAGE_STANDARD = gnu11;
				GCC_NO_COMMON_BLOCKS = YES;
				GCC_WARN_64_TO_32_BIT_CONVERSION = YES;
				GCC_WARN_ABOUT_RETURN_TYPE = YES_ERROR;
				GCC_WARN_UNDECLARED_SELECTOR = YES;
				GCC_WARN_UNINITIALIZED_AUTOS = YES_AGGRESSIVE;
				GCC_WARN_UNUSED_FUNCTION = YES;
				GCC_WARN_UNUSED_VARIABLE = YES;
				IPHONEOS_DEPLOYMENT_TARGET = 16.2;
				MTL_ENABLE_DEBUG_INFO = NO;
				MTL_FAST_MATH = YES;
				SDKROOT = iphoneos;
				SWIFT_COMPILATION_MODE = wholemodule;
				SWIFT_OPTIMIZATION_LEVEL = "-O";
				VALIDATE_PRODUCT = YES;
			};
			name = Release;
		};
		2DBB103129ED155D004018ED /* Debug */ = {
			isa = XCBuildConfiguration;
			buildSettings = {
				ASSETCATALOG_COMPILER_APPICON_NAME = AppIcon;
				ASSETCATALOG_COMPILER_GLOBAL_ACCENT_COLOR_NAME = AccentColor;
				CODE_SIGN_STYLE = Automatic;
				CURRENT_PROJECT_VERSION = 1;
				DEVELOPMENT_ASSET_PATHS = "\"Flanner/Preview Content\"";
				DEVELOPMENT_TEAM = DVSPNNP5A3;
				ENABLE_PREVIEWS = YES;
				GENERATE_INFOPLIST_FILE = YES;
				INFOPLIST_KEY_UIApplicationSceneManifest_Generation = YES;
				INFOPLIST_KEY_UIApplicationSupportsIndirectInputEvents = YES;
				INFOPLIST_KEY_UILaunchScreen_Generation = YES;
				INFOPLIST_KEY_UISupportedInterfaceOrientations_iPad = "UIInterfaceOrientationPortrait UIInterfaceOrientationPortraitUpsideDown UIInterfaceOrientationLandscapeLeft UIInterfaceOrientationLandscapeRight";
				INFOPLIST_KEY_UISupportedInterfaceOrientations_iPhone = "UIInterfaceOrientationPortrait UIInterfaceOrientationLandscapeLeft UIInterfaceOrientationLandscapeRight";
				LD_RUNPATH_SEARCH_PATHS = (
					"$(inherited)",
					"@executable_path/Frameworks",
				);
				MARKETING_VERSION = 1.0;
				PRODUCT_BUNDLE_IDENTIFIER = kevice.Flanner;
				PRODUCT_NAME = "$(TARGET_NAME)";
				SWIFT_EMIT_LOC_STRINGS = YES;
				SWIFT_VERSION = 5.0;
				TARGETED_DEVICE_FAMILY = "1,2";
			};
			name = Debug;
		};
		2DBB103229ED155D004018ED /* Release */ = {
			isa = XCBuildConfiguration;
			buildSettings = {
				ASSETCATALOG_COMPILER_APPICON_NAME = AppIcon;
				ASSETCATALOG_COMPILER_GLOBAL_ACCENT_COLOR_NAME = AccentColor;
				CODE_SIGN_STYLE = Automatic;
				CURRENT_PROJECT_VERSION = 1;
				DEVELOPMENT_ASSET_PATHS = "\"Flanner/Preview Content\"";
				DEVELOPMENT_TEAM = DVSPNNP5A3;
				ENABLE_PREVIEWS = YES;
				GENERATE_INFOPLIST_FILE = YES;
				INFOPLIST_KEY_UIApplicationSceneManifest_Generation = YES;
				INFOPLIST_KEY_UIApplicationSupportsIndirectInputEvents = YES;
				INFOPLIST_KEY_UILaunchScreen_Generation = YES;
				INFOPLIST_KEY_UISupportedInterfaceOrientations_iPad = "UIInterfaceOrientationPortrait UIInterfaceOrientationPortraitUpsideDown UIInterfaceOrientationLandscapeLeft UIInterfaceOrientationLandscapeRight";
				INFOPLIST_KEY_UISupportedInterfaceOrientations_iPhone = "UIInterfaceOrientationPortrait UIInterfaceOrientationLandscapeLeft UIInterfaceOrientationLandscapeRight";
				LD_RUNPATH_SEARCH_PATHS = (
					"$(inherited)",
					"@executable_path/Frameworks",
				);
				MARKETING_VERSION = 1.0;
				PRODUCT_BUNDLE_IDENTIFIER = kevice.Flanner;
				PRODUCT_NAME = "$(TARGET_NAME)";
				SWIFT_EMIT_LOC_STRINGS = YES;
				SWIFT_VERSION = 5.0;
				TARGETED_DEVICE_FAMILY = "1,2";
			};
			name = Release;
		};
/* End XCBuildConfiguration section */

/* Begin XCConfigurationList section */
		2DBB101D29ED155C004018ED /* Build configuration list for PBXProject "Flanner" */ = {
			isa = XCConfigurationList;
			buildConfigurations = (
				2DBB102E29ED155D004018ED /* Debug */,
				2DBB102F29ED155D004018ED /* Release */,
			);
			defaultConfigurationIsVisible = 0;
			defaultConfigurationName = Release;
		};
		2DBB103029ED155D004018ED /* Build configuration list for PBXNativeTarget "Flanner" */ = {
			isa = XCConfigurationList;
			buildConfigurations = (
				2DBB103129ED155D004018ED /* Debug */,
				2DBB103229ED155D004018ED /* Release */,
			);
			defaultConfigurationIsVisible = 0;
			defaultConfigurationName = Release;
		};
/* End XCConfigurationList section */

/* Begin XCVersionGroup section */
		2D56DA7429EE91E000002EE4 /* FlannerModel.xcdatamodeld */ = {
			isa = XCVersionGroup;
			children = (
				2D56DA7529EE91E000002EE4 /* Model.xcdatamodel */,
			);
			currentVersion = 2D56DA7529EE91E000002EE4 /* Model.xcdatamodel */;
			path = FlannerModel.xcdatamodeld;
			sourceTree = "<group>";
			versionGroupType = wrapper.xcdatamodel;
		};
/* End XCVersionGroup section */
	};
	rootObject = 2DBB101A29ED155C004018ED /* Project object */;
}
